
Microsoft Visual Studio Solution File, Format Version 12.00
# Visual Studio Version 17
VisualStudioVersion = 17.13.35825.156 d17.13
MinimumVisualStudioVersion = 10.0.40219.1
Project("{FAE04EC0-301F-11D3-BF4B-00C04F79EFBC}") = "CustomerService.API", "CustomerService.API\CustomerService.API.csproj", "{F8275F14-3EF3-4A25-8463-BE60B575A762}"
EndProject
Project("{FAE04EC0-301F-11D3-BF4B-00C04F79EFBC}") = "CustomerService.Application", "CustomerService.Application\CustomerService.Application.csproj", "{6AE408BC-9880-40DD-89E6-CD6E98FC2F95}"
EndProject
Project("{FAE04EC0-301F-11D3-BF4B-00C04F79EFBC}") = "CustomerService.Domain", "CustomerService.Domain\CustomerService.Domain.csproj", "{D9BA5466-E6D9-46AD-A4B9-1082C0F3FD18}"
EndProject
Project("{FAE04EC0-301F-11D3-BF4B-00C04F79EFBC}") = "CustomerService.Infrastructure", "CustomerService.Infrastructure\CustomerService.Infrastructure.csproj", "{3876DC9D-5445-445E-AD4E-6CE31BD5DC77}"
EndProject
Global
	GlobalSection(SolutionConfigurationPlatforms) = preSolution
		Debug|Any CPU = Debug|Any CPU
		Release|Any CPU = Release|Any CPU
	EndGlobalSection
	GlobalSection(ProjectConfigurationPlatforms) = postSolution
		{F8275F14-3EF3-4A25-8463-BE60B575A762}.Debug|Any CPU.ActiveCfg = Debug|Any CPU
		{F8275F14-3EF3-4A25-8463-BE60B575A762}.Debug|Any CPU.Build.0 = Debug|Any CPU
		{F8275F14-3EF3-4A25-8463-BE60B575A762}.Release|Any CPU.ActiveCfg = Release|Any CPU
		{F8275F14-3EF3-4A25-8463-BE60B575A762}.Release|Any CPU.Build.0 = Release|Any CPU
		{6AE408BC-9880-40DD-89E6-CD6E98FC2F95}.Debug|Any CPU.ActiveCfg = Debug|Any CPU
		{6AE408BC-9880-40DD-89E6-CD6E98FC2F95}.Debug|Any CPU.Build.0 = Debug|Any CPU
		{6AE408BC-9880-40DD-89E6-CD6E98FC2F95}.Release|Any CPU.ActiveCfg = Release|Any CPU
		{6AE408BC-9880-40DD-89E6-CD6E98FC2F95}.Release|Any CPU.Build.0 = Release|Any CPU
		{D9BA5466-E6D9-46AD-A4B9-1082C0F3FD18}.Debug|Any CPU.ActiveCfg = Debug|Any CPU
		{D9BA5466-E6D9-46AD-A4B9-1082C0F3FD18}.Debug|Any CPU.Build.0 = Debug|Any CPU
		{D9BA5466-E6D9-46AD-A4B9-1082C0F3FD18}.Release|Any CPU.ActiveCfg = Release|Any CPU
		{D9BA5466-E6D9-46AD-A4B9-1082C0F3FD18}.Release|Any CPU.Build.0 = Release|Any CPU
		{3876DC9D-5445-445E-AD4E-6CE31BD5DC77}.Debug|Any CPU.ActiveCfg = Debug|Any CPU
		{3876DC9D-5445-445E-AD4E-6CE31BD5DC77}.Debug|Any CPU.Build.0 = Debug|Any CPU
		{3876DC9D-5445-445E-AD4E-6CE31BD5DC77}.Release|Any CPU.ActiveCfg = Release|Any CPU
		{3876DC9D-5445-445E-AD4E-6CE31BD5DC77}.Release|Any CPU.Build.0 = Release|Any CPU
	EndGlobalSection
	GlobalSection(SolutionProperties) = preSolution
		HideSolutionNode = FALSE
	EndGlobalSection
	GlobalSection(ExtensibilityGlobals) = postSolution
		SolutionGuid = {FBF0924B-35D1-405D-894E-4790D53D077D}
	EndGlobalSection
EndGlobal
